
Microsoft Visual Studio Solution File, Format Version 12.00
# Visual Studio 14
VisualStudioVersion = 14.0.25420.1
MinimumVisualStudioVersion = 10.0.40219.1
Project("{FAE04EC0-301F-11D3-BF4B-00C04F79EFBC}") = "极简浏览器", "极简浏览器Cef\极简浏览器.csproj", "{42E299F0-DF88-406B-9E7E-C9FA72DF8064}"
EndProject
Project("{2150E333-8FDC-42A3-9474-1A3956D46DE8}") = "Solution Items", "Solution Items", "{7B586149-A468-46FC-9EC3-7D08428F07E4}"
	ProjectSection(SolutionItems) = preProject
		README.md = README.md
	EndProjectSection
EndProject
Project("{6141683F-8A12-4E36-9623-2EB02B2C2303}") = "Setup", "Setup\Setup.isproj", "{78BA822C-2EB1-4A50-87F6-4EAD6E2B353E}"
EndProject
Global
	GlobalSection(SolutionConfigurationPlatforms) = preSolution
		2.0D|Any CPU = 2.0D|Any CPU
		2.0D|x86 = 2.0D|x86
		2.0R|Any CPU = 2.0R|Any CPU
		2.0R|x86 = 2.0R|x86
		CD_ROM|Any CPU = CD_ROM|Any CPU
		CD_ROM|x86 = CD_ROM|x86
		Debug|Any CPU = Debug|Any CPU
		Debug|x86 = Debug|x86
		DVD-5|Any CPU = DVD-5|Any CPU
		DVD-5|x86 = DVD-5|x86
		SingleImage|Any CPU = SingleImage|Any CPU
		SingleImage|x86 = SingleImage|x86
	EndGlobalSection
	GlobalSection(ProjectConfigurationPlatforms) = postSolution
		{42E299F0-DF88-406B-9E7E-C9FA72DF8064}.2.0D|Any CPU.ActiveCfg = 2.0D|Any CPU
		{42E299F0-DF88-406B-9E7E-C9FA72DF8064}.2.0D|Any CPU.Build.0 = 2.0D|Any CPU
		{42E299F0-DF88-406B-9E7E-C9FA72DF8064}.2.0D|x86.ActiveCfg = 2.0D|x86
		{42E299F0-DF88-406B-9E7E-C9FA72DF8064}.2.0D|x86.Build.0 = 2.0D|x86
		{42E299F0-DF88-406B-9E7E-C9FA72DF8064}.2.0R|Any CPU.ActiveCfg = 2.0D|Any CPU
		{42E299F0-DF88-406B-9E7E-C9FA72DF8064}.2.0R|Any CPU.Build.0 = 2.0D|Any CPU
		{42E299F0-DF88-406B-9E7E-C9FA72DF8064}.2.0R|x86.ActiveCfg = 2.0R|x86
		{42E299F0-DF88-406B-9E7E-C9FA72DF8064}.2.0R|x86.Build.0 = 2.0R|x86
		{42E299F0-DF88-406B-9E7E-C9FA72DF8064}.CD_ROM|Any CPU.ActiveCfg = 2.0R|Any CPU
		{42E299F0-DF88-406B-9E7E-C9FA72DF8064}.CD_ROM|Any CPU.Build.0 = 2.0R|Any CPU
		{42E299F0-DF88-406B-9E7E-C9FA72DF8064}.CD_ROM|x86.ActiveCfg = 2.0R|x86
		{42E299F0-DF88-406B-9E7E-C9FA72DF8064}.CD_ROM|x86.Build.0 = 2.0R|x86
		{42E299F0-DF88-406B-9E7E-C9FA72DF8064}.Debug|Any CPU.ActiveCfg = 2.0D|Any CPU
		{42E299F0-DF88-406B-9E7E-C9FA72DF8064}.Debug|Any CPU.Build.0 = 2.0D|Any CPU
		{42E299F0-DF88-406B-9E7E-C9FA72DF8064}.Debug|x86.ActiveCfg = 2.0D|Any CPU
		{42E299F0-DF88-406B-9E7E-C9FA72DF8064}.Debug|x86.Build.0 = 2.0D|Any CPU
		{42E299F0-DF88-406B-9E7E-C9FA72DF8064}.DVD-5|Any CPU.ActiveCfg = 2.0R|Any CPU
		{42E299F0-DF88-406B-9E7E-C9FA72DF8064}.DVD-5|Any CPU.Build.0 = 2.0R|Any CPU
		{42E299F0-DF88-406B-9E7E-C9FA72DF8064}.DVD-5|x86.ActiveCfg = 2.0R|x86
		{42E299F0-DF88-406B-9E7E-C9FA72DF8064}.DVD-5|x86.Build.0 = 2.0R|x86
		{42E299F0-DF88-406B-9E7E-C9FA72DF8064}.SingleImage|Any CPU.ActiveCfg = 2.0R|Any CPU
		{42E299F0-DF88-406B-9E7E-C9FA72DF8064}.SingleImage|Any CPU.Build.0 = 2.0R|Any CPU
		{42E299F0-DF88-406B-9E7E-C9FA72DF8064}.SingleImage|x86.ActiveCfg = 2.0R|x86
		{42E299F0-DF88-406B-9E7E-C9FA72DF8064}.SingleImage|x86.Build.0 = 2.0R|x86
		{78BA822C-2EB1-4A50-87F6-4EAD6E2B353E}.2.0D|Any CPU.ActiveCfg = SingleImage
		{78BA822C-2EB1-4A50-87F6-4EAD6E2B353E}.2.0D|Any CPU.Build.0 = SingleImage
		{78BA822C-2EB1-4A50-87F6-4EAD6E2B353E}.2.0D|x86.ActiveCfg = SingleImage
		{78BA822C-2EB1-4A50-87F6-4EAD6E2B353E}.2.0D|x86.Build.0 = SingleImage
		{78BA822C-2EB1-4A50-87F6-4EAD6E2B353E}.2.0R|Any CPU.ActiveCfg = SingleImage
		{78BA822C-2EB1-4A50-87F6-4EAD6E2B353E}.2.0R|Any CPU.Build.0 = SingleImage
		{78BA822C-2EB1-4A50-87F6-4EAD6E2B353E}.2.0R|x86.ActiveCfg = SingleImage
		{78BA822C-2EB1-4A50-87F6-4EAD6E2B353E}.2.0R|x86.Build.0 = SingleImage
		{78BA822C-2EB1-4A50-87F6-4EAD6E2B353E}.CD_ROM|Any CPU.ActiveCfg = CD_ROM
		{78BA822C-2EB1-4A50-87F6-4EAD6E2B353E}.CD_ROM|Any CPU.Build.0 = CD_ROM
		{78BA822C-2EB1-4A50-87F6-4EAD6E2B353E}.CD_ROM|x86.ActiveCfg = CD_ROM
		{78BA822C-2EB1-4A50-87F6-4EAD6E2B353E}.CD_ROM|x86.Build.0 = CD_ROM
		{78BA822C-2EB1-4A50-87F6-4EAD6E2B353E}.Debug|Any CPU.ActiveCfg = DVD-5
		{78BA822C-2EB1-4A50-87F6-4EAD6E2B353E}.Debug|Any CPU.Build.0 = DVD-5
		{78BA822C-2EB1-4A50-87F6-4EAD6E2B353E}.Debug|x86.ActiveCfg = DVD-5
		{78BA822C-2EB1-4A50-87F6-4EAD6E2B353E}.Debug|x86.Build.0 = DVD-5
		{78BA822C-2EB1-4A50-87F6-4EAD6E2B353E}.DVD-5|Any CPU.ActiveCfg = DVD-5
		{78BA822C-2EB1-4A50-87F6-4EAD6E2B353E}.DVD-5|Any CPU.Build.0 = DVD-5
		{78BA822C-2EB1-4A50-87F6-4EAD6E2B353E}.DVD-5|x86.ActiveCfg = DVD-5
		{78BA822C-2EB1-4A50-87F6-4EAD6E2B353E}.DVD-5|x86.Build.0 = DVD-5
		{78BA822C-2EB1-4A50-87F6-4EAD6E2B353E}.SingleImage|Any CPU.ActiveCfg = SingleImage
		{78BA822C-2EB1-4A50-87F6-4EAD6E2B353E}.SingleImage|Any CPU.Build.0 = SingleImage
		{78BA822C-2EB1-4A50-87F6-4EAD6E2B353E}.SingleImage|x86.ActiveCfg = SingleImage
		{78BA822C-2EB1-4A50-87F6-4EAD6E2B353E}.SingleImage|x86.Build.0 = SingleImage
	EndGlobalSection
	GlobalSection(SolutionProperties) = preSolution
		HideSolutionNode = FALSE
	EndGlobalSection
EndGlobal
