
Microsoft Visual Studio Solution File, Format Version 12.00
# Visual Studio 14
VisualStudioVersion = 14.0.25420.1
MinimumVisualStudioVersion = 10.0.40219.1
Project("{FAE04EC0-301F-11D3-BF4B-00C04F79EFBC}") = "极简浏览器", "极简浏览器Cef\极简浏览器.csproj", "{42E299F0-DF88-406B-9E7E-C9FA72DF8064}"
EndProject
Project("{2150E333-8FDC-42A3-9474-1A3956D46DE8}") = "Solution Items", "Solution Items", "{7B586149-A468-46FC-9EC3-7D08428F07E4}"
	ProjectSection(SolutionItems) = preProject
		.gitattributes = .gitattributes
		.gitignore = .gitignore
		LICENSE = LICENSE
		README.md = README.md
	EndProjectSection
EndProject
Global
	GlobalSection(Performance) = preSolution
		HasPerformanceSessions = true
	EndGlobalSection
	GlobalSection(SolutionConfigurationPlatforms) = preSolution
		2.0D|x86 = 2.0D|x86
		Release3|x86 = Release3|x86
	EndGlobalSection
	GlobalSection(ProjectConfigurationPlatforms) = postSolution
		{42E299F0-DF88-406B-9E7E-C9FA72DF8064}.2.0D|x86.ActiveCfg = 2.0D|x86
		{42E299F0-DF88-406B-9E7E-C9FA72DF8064}.2.0D|x86.Build.0 = 2.0D|x86
		{42E299F0-DF88-406B-9E7E-C9FA72DF8064}.2.0D|x86.Deploy.0 = 2.0D|x86
		{42E299F0-DF88-406B-9E7E-C9FA72DF8064}.Release3|x86.ActiveCfg = 2.0D|x86
		{42E299F0-DF88-406B-9E7E-C9FA72DF8064}.Release3|x86.Build.0 = 2.0D|x86
	EndGlobalSection
	GlobalSection(SolutionProperties) = preSolution
		HideSolutionNode = FALSE
	EndGlobalSection
EndGlobal
